
Microsoft Visual Studio Solution File, Format Version 12.00
# Visual Studio Version 17
VisualStudioVersion = 17.12.35521.163 d17.12
MinimumVisualStudioVersion = 10.0.40219.1
Project("{FAE04EC0-301F-11D3-BF4B-00C04F79EFBC}") = "CollectionsDemoApp", "CollectionsDemoApp.csproj", "{4D84CD72-E030-4C9C-8837-0067AA91F6B1}"
	ProjectSection(ProjectDependencies) = postProject
		{007C186B-19A7-418E-81CA-672D695DA043} = {007C186B-19A7-418E-81CA-672D695DA043}
	EndProjectSection
EndProject
Project("{FAE04EC0-301F-11D3-BF4B-00C04F79EFBC}") = "CollectionsLibraryDemo", "..\CollectionsLibraryDemo\CollectionsLibraryDemo.csproj", "{007C186B-19A7-418E-81CA-672D695DA043}"
EndProject
Global
	GlobalSection(SolutionConfigurationPlatforms) = preSolution
		Debug|Any CPU = Debug|Any CPU
		Release|Any CPU = Release|Any CPU
	EndGlobalSection
	GlobalSection(ProjectConfigurationPlatforms) = postSolution
		{4D84CD72-E030-4C9C-8837-0067AA91F6B1}.Debug|Any CPU.ActiveCfg = Debug|Any CPU
		{4D84CD72-E030-4C9C-8837-0067AA91F6B1}.Debug|Any CPU.Build.0 = Debug|Any CPU
		{4D84CD72-E030-4C9C-8837-0067AA91F6B1}.Release|Any CPU.ActiveCfg = Release|Any CPU
		{4D84CD72-E030-4C9C-8837-0067AA91F6B1}.Release|Any CPU.Build.0 = Release|Any CPU
		{007C186B-19A7-418E-81CA-672D695DA043}.Debug|Any CPU.ActiveCfg = Debug|Any CPU
		{007C186B-19A7-418E-81CA-672D695DA043}.Debug|Any CPU.Build.0 = Debug|Any CPU
		{007C186B-19A7-418E-81CA-672D695DA043}.Release|Any CPU.ActiveCfg = Release|Any CPU
		{007C186B-19A7-418E-81CA-672D695DA043}.Release|Any CPU.Build.0 = Release|Any CPU
	EndGlobalSection
	GlobalSection(SolutionProperties) = preSolution
		HideSolutionNode = FALSE
	EndGlobalSection
EndGlobal
